
Microsoft Visual Studio Solution File, Format Version 12.00
# Visual Studio 14
VisualStudioVersion = 14.0.25420.1
MinimumVisualStudioVersion = 10.0.40219.1
Project("{FAE04EC0-301F-11D3-BF4B-00C04F79EFBC}") = "DeviceStylesList", "DeviceStylesList\DeviceStylesList\DeviceStylesList.csproj", "{680C1993-7598-431F-9391-8D4B56B48D8B}"
EndProject
Project("{FAE04EC0-301F-11D3-BF4B-00C04F79EFBC}") = "DeviceStylesList.Droid", "DeviceStylesList\DeviceStylesList.Droid\DeviceStylesList.Droid.csproj", "{4CE36B46-3767-4E6C-A238-E18089C2A968}"
EndProject
Project("{FAE04EC0-301F-11D3-BF4B-00C04F79EFBC}") = "DeviceStylesList.iOS", "DeviceStylesList\DeviceStylesList.iOS\DeviceStylesList.iOS.csproj", "{A0481865-B91D-424F-9274-1A5CF4A10B2E}"
EndProject
Project("{FAE04EC0-301F-11D3-BF4B-00C04F79EFBC}") = "DeviceStylesList.WinPhone", "DeviceStylesList\DeviceStylesList.WinPhone\DeviceStylesList.WinPhone.csproj", "{D1453F5C-3301-4E73-999A-52DC45C1C07D}"
EndProject
Project("{FAE04EC0-301F-11D3-BF4B-00C04F79EFBC}") = "DeviceStylesList.UWP", "DeviceStylesList\DeviceStylesList.UWP\DeviceStylesList.UWP.csproj", "{848DD4DE-7379-40AD-B524-CDAB268FB6B3}"
EndProject
Project("{FAE04EC0-301F-11D3-BF4B-00C04F79EFBC}") = "DeviceStylesList.Windows", "DeviceStylesList\DeviceStylesList.Windows\DeviceStylesList.Windows.csproj", "{0AB3D865-1650-4478-A54D-8F7C2BB1ACB8}"
EndProject
Global
	GlobalSection(SolutionConfigurationPlatforms) = preSolution
		Ad-Hoc|Any CPU = Ad-Hoc|Any CPU
		Ad-Hoc|ARM = Ad-Hoc|ARM
		Ad-Hoc|iPhone = Ad-Hoc|iPhone
		Ad-Hoc|iPhoneSimulator = Ad-Hoc|iPhoneSimulator
		Ad-Hoc|x64 = Ad-Hoc|x64
		Ad-Hoc|x86 = Ad-Hoc|x86
		AppStore|Any CPU = AppStore|Any CPU
		AppStore|ARM = AppStore|ARM
		AppStore|iPhone = AppStore|iPhone
		AppStore|iPhoneSimulator = AppStore|iPhoneSimulator
		AppStore|x64 = AppStore|x64
		AppStore|x86 = AppStore|x86
		Debug|Any CPU = Debug|Any CPU
		Debug|ARM = Debug|ARM
		Debug|iPhone = Debug|iPhone
		Debug|iPhoneSimulator = Debug|iPhoneSimulator
		Debug|x64 = Debug|x64
		Debug|x86 = Debug|x86
		Release|Any CPU = Release|Any CPU
		Release|ARM = Release|ARM
		Release|iPhone = Release|iPhone
		Release|iPhoneSimulator = Release|iPhoneSimulator
		Release|x64 = Release|x64
		Release|x86 = Release|x86
	EndGlobalSection
	GlobalSection(ProjectConfigurationPlatforms) = postSolution
		{680C1993-7598-431F-9391-8D4B56B48D8B}.Ad-Hoc|Any CPU.ActiveCfg = Release|Any CPU
		{680C1993-7598-431F-9391-8D4B56B48D8B}.Ad-Hoc|Any CPU.Build.0 = Release|Any CPU
		{680C1993-7598-431F-9391-8D4B56B48D8B}.Ad-Hoc|ARM.ActiveCfg = Release|Any CPU
		{680C1993-7598-431F-9391-8D4B56B48D8B}.Ad-Hoc|ARM.Build.0 = Release|Any CPU
		{680C1993-7598-431F-9391-8D4B56B48D8B}.Ad-Hoc|iPhone.ActiveCfg = Release|Any CPU
		{680C1993-7598-431F-9391-8D4B56B48D8B}.Ad-Hoc|iPhone.Build.0 = Release|Any CPU
		{680C1993-7598-431F-9391-8D4B56B48D8B}.Ad-Hoc|iPhoneSimulator.ActiveCfg = Release|Any CPU
		{680C1993-7598-431F-9391-8D4B56B48D8B}.Ad-Hoc|iPhoneSimulator.Build.0 = Release|Any CPU
		{680C1993-7598-431F-9391-8D4B56B48D8B}.Ad-Hoc|x64.ActiveCfg = Release|Any CPU
		{680C1993-7598-431F-9391-8D4B56B48D8B}.Ad-Hoc|x64.Build.0 = Release|Any CPU
		{680C1993-7598-431F-9391-8D4B56B48D8B}.Ad-Hoc|x86.ActiveCfg = Release|Any CPU
		{680C1993-7598-431F-9391-8D4B56B48D8B}.Ad-Hoc|x86.Build.0 = Release|Any CPU
		{680C1993-7598-431F-9391-8D4B56B48D8B}.AppStore|Any CPU.ActiveCfg = Release|Any CPU
		{680C1993-7598-431F-9391-8D4B56B48D8B}.AppStore|Any CPU.Build.0 = Release|Any CPU
		{680C1993-7598-431F-9391-8D4B56B48D8B}.AppStore|ARM.ActiveCfg = Release|Any CPU
		{680C1993-7598-431F-9391-8D4B56B48D8B}.AppStore|ARM.Build.0 = Release|Any CPU
		{680C1993-7598-431F-9391-8D4B56B48D8B}.AppStore|iPhone.ActiveCfg = Release|Any CPU
		{680C1993-7598-431F-9391-8D4B56B48D8B}.AppStore|iPhone.Build.0 = Release|Any CPU
		{680C1993-7598-431F-9391-8D4B56B48D8B}.AppStore|iPhoneSimulator.ActiveCfg = Release|Any CPU
		{680C1993-7598-431F-9391-8D4B56B48D8B}.AppStore|iPhoneSimulator.Build.0 = Release|Any CPU
		{680C1993-7598-431F-9391-8D4B56B48D8B}.AppStore|x64.ActiveCfg = Release|Any CPU
		{680C1993-7598-431F-9391-8D4B56B48D8B}.AppStore|x64.Build.0 = Release|Any CPU
		{680C1993-7598-431F-9391-8D4B56B48D8B}.AppStore|x86.ActiveCfg = Release|Any CPU
		{680C1993-7598-431F-9391-8D4B56B48D8B}.AppStore|x86.Build.0 = Release|Any CPU
		{680C1993-7598-431F-9391-8D4B56B48D8B}.Debug|Any CPU.ActiveCfg = Debug|Any CPU
		{680C1993-7598-431F-9391-8D4B56B48D8B}.Debug|Any CPU.Build.0 = Debug|Any CPU
		{680C1993-7598-431F-9391-8D4B56B48D8B}.Debug|ARM.ActiveCfg = Debug|Any CPU
		{680C1993-7598-431F-9391-8D4B56B48D8B}.Debug|ARM.Build.0 = Debug|Any CPU
		{680C1993-7598-431F-9391-8D4B56B48D8B}.Debug|iPhone.ActiveCfg = Debug|Any CPU
		{680C1993-7598-431F-9391-8D4B56B48D8B}.Debug|iPhone.Build.0 = Debug|Any CPU
		{680C1993-7598-431F-9391-8D4B56B48D8B}.Debug|iPhoneSimulator.ActiveCfg = Debug|Any CPU
		{680C1993-7598-431F-9391-8D4B56B48D8B}.Debug|iPhoneSimulator.Build.0 = Debug|Any CPU
		{680C1993-7598-431F-9391-8D4B56B48D8B}.Debug|x64.ActiveCfg = Debug|Any CPU
		{680C1993-7598-431F-9391-8D4B56B48D8B}.Debug|x64.Build.0 = Debug|Any CPU
		{680C1993-7598-431F-9391-8D4B56B48D8B}.Debug|x86.ActiveCfg = Debug|Any CPU
		{680C1993-7598-431F-9391-8D4B56B48D8B}.Debug|x86.Build.0 = Debug|Any CPU
		{680C1993-7598-431F-9391-8D4B56B48D8B}.Release|Any CPU.ActiveCfg = Release|Any CPU
		{680C1993-7598-431F-9391-8D4B56B48D8B}.Release|Any CPU.Build.0 = Release|Any CPU
		{680C1993-7598-431F-9391-8D4B56B48D8B}.Release|ARM.ActiveCfg = Release|Any CPU
		{680C1993-7598-431F-9391-8D4B56B48D8B}.Release|ARM.Build.0 = Release|Any CPU
		{680C1993-7598-431F-9391-8D4B56B48D8B}.Release|iPhone.ActiveCfg = Release|Any CPU
		{680C1993-7598-431F-9391-8D4B56B48D8B}.Release|iPhone.Build.0 = Release|Any CPU
		{680C1993-7598-431F-9391-8D4B56B48D8B}.Release|iPhoneSimulator.ActiveCfg = Release|Any CPU
		{680C1993-7598-431F-9391-8D4B56B48D8B}.Release|iPhoneSimulator.Build.0 = Release|Any CPU
		{680C1993-7598-431F-9391-8D4B56B48D8B}.Release|x64.ActiveCfg = Release|Any CPU
		{680C1993-7598-431F-9391-8D4B56B48D8B}.Release|x64.Build.0 = Release|Any CPU
		{680C1993-7598-431F-9391-8D4B56B48D8B}.Release|x86.ActiveCfg = Release|Any CPU
		{680C1993-7598-431F-9391-8D4B56B48D8B}.Release|x86.Build.0 = Release|Any CPU
		{4CE36B46-3767-4E6C-A238-E18089C2A968}.Ad-Hoc|Any CPU.ActiveCfg = Release|Any CPU
		{4CE36B46-3767-4E6C-A238-E18089C2A968}.Ad-Hoc|Any CPU.Build.0 = Release|Any CPU
		{4CE36B46-3767-4E6C-A238-E18089C2A968}.Ad-Hoc|Any CPU.Deploy.0 = Release|Any CPU
		{4CE36B46-3767-4E6C-A238-E18089C2A968}.Ad-Hoc|ARM.ActiveCfg = Release|Any CPU
		{4CE36B46-3767-4E6C-A238-E18089C2A968}.Ad-Hoc|ARM.Build.0 = Release|Any CPU
		{4CE36B46-3767-4E6C-A238-E18089C2A968}.Ad-Hoc|ARM.Deploy.0 = Release|Any CPU
		{4CE36B46-3767-4E6C-A238-E18089C2A968}.Ad-Hoc|iPhone.ActiveCfg = Release|Any CPU
		{4CE36B46-3767-4E6C-A238-E18089C2A968}.Ad-Hoc|iPhone.Build.0 = Release|Any CPU
		{4CE36B46-3767-4E6C-A238-E18089C2A968}.Ad-Hoc|iPhone.Deploy.0 = Release|Any CPU
		{4CE36B46-3767-4E6C-A238-E18089C2A968}.Ad-Hoc|iPhoneSimulator.ActiveCfg = Release|Any CPU
		{4CE36B46-3767-4E6C-A238-E18089C2A968}.Ad-Hoc|iPhoneSimulator.Build.0 = Release|Any CPU
		{4CE36B46-3767-4E6C-A238-E18089C2A968}.Ad-Hoc|iPhoneSimulator.Deploy.0 = Release|Any CPU
		{4CE36B46-3767-4E6C-A238-E18089C2A968}.Ad-Hoc|x64.ActiveCfg = Release|Any CPU
		{4CE36B46-3767-4E6C-A238-E18089C2A968}.Ad-Hoc|x64.Build.0 = Release|Any CPU
		{4CE36B46-3767-4E6C-A238-E18089C2A968}.Ad-Hoc|x64.Deploy.0 = Release|Any CPU
		{4CE36B46-3767-4E6C-A238-E18089C2A968}.Ad-Hoc|x86.ActiveCfg = Release|Any CPU
		{4CE36B46-3767-4E6C-A238-E18089C2A968}.Ad-Hoc|x86.Build.0 = Release|Any CPU
		{4CE36B46-3767-4E6C-A238-E18089C2A968}.Ad-Hoc|x86.Deploy.0 = Release|Any CPU
		{4CE36B46-3767-4E6C-A238-E18089C2A968}.AppStore|Any CPU.ActiveCfg = Release|Any CPU
		{4CE36B46-3767-4E6C-A238-E18089C2A968}.AppStore|Any CPU.Build.0 = Release|Any CPU
		{4CE36B46-3767-4E6C-A238-E18089C2A968}.AppStore|Any CPU.Deploy.0 = Release|Any CPU
		{4CE36B46-3767-4E6C-A238-E18089C2A968}.AppStore|ARM.ActiveCfg = Release|Any CPU
		{4CE36B46-3767-4E6C-A238-E18089C2A968}.AppStore|ARM.Build.0 = Release|Any CPU
		{4CE36B46-3767-4E6C-A238-E18089C2A968}.AppStore|ARM.Deploy.0 = Release|Any CPU
		{4CE36B46-3767-4E6C-A238-E18089C2A968}.AppStore|iPhone.ActiveCfg = Release|Any CPU
		{4CE36B46-3767-4E6C-A238-E18089C2A968}.AppStore|iPhone.Build.0 = Release|Any CPU
		{4CE36B46-3767-4E6C-A238-E18089C2A968}.AppStore|iPhone.Deploy.0 = Release|Any CPU
		{4CE36B46-3767-4E6C-A238-E18089C2A968}.AppStore|iPhoneSimulator.ActiveCfg = Release|Any CPU
		{4CE36B46-3767-4E6C-A238-E18089C2A968}.AppStore|iPhoneSimulator.Build.0 = Release|Any CPU
		{4CE36B46-3767-4E6C-A238-E18089C2A968}.AppStore|iPhoneSimulator.Deploy.0 = Release|Any CPU
		{4CE36B46-3767-4E6C-A238-E18089C2A968}.AppStore|x64.ActiveCfg = Release|Any CPU
		{4CE36B46-3767-4E6C-A238-E18089C2A968}.AppStore|x64.Build.0 = Release|Any CPU
		{4CE36B46-3767-4E6C-A238-E18089C2A968}.AppStore|x64.Deploy.0 = Release|Any CPU
		{4CE36B46-3767-4E6C-A238-E18089C2A968}.AppStore|x86.ActiveCfg = Release|Any CPU
		{4CE36B46-3767-4E6C-A238-E18089C2A968}.AppStore|x86.Build.0 = Release|Any CPU
		{4CE36B46-3767-4E6C-A238-E18089C2A968}.AppStore|x86.Deploy.0 = Release|Any CPU
		{4CE36B46-3767-4E6C-A238-E18089C2A968}.Debug|Any CPU.ActiveCfg = Debug|Any CPU
		{4CE36B46-3767-4E6C-A238-E18089C2A968}.Debug|Any CPU.Build.0 = Debug|Any CPU
		{4CE36B46-3767-4E6C-A238-E18089C2A968}.Debug|Any CPU.Deploy.0 = Debug|Any CPU
		{4CE36B46-3767-4E6C-A238-E18089C2A968}.Debug|ARM.ActiveCfg = Debug|Any CPU
		{4CE36B46-3767-4E6C-A238-E18089C2A968}.Debug|ARM.Build.0 = Debug|Any CPU
		{4CE36B46-3767-4E6C-A238-E18089C2A968}.Debug|ARM.Deploy.0 = Debug|Any CPU
		{4CE36B46-3767-4E6C-A238-E18089C2A968}.Debug|iPhone.ActiveCfg = Debug|Any CPU
		{4CE36B46-3767-4E6C-A238-E18089C2A968}.Debug|iPhone.Build.0 = Debug|Any CPU
		{4CE36B46-3767-4E6C-A238-E18089C2A968}.Debug|iPhone.Deploy.0 = Debug|Any CPU
		{4CE36B46-3767-4E6C-A238-E18089C2A968}.Debug|iPhoneSimulator.ActiveCfg = Debug|Any CPU
		{4CE36B46-3767-4E6C-A238-E18089C2A968}.Debug|iPhoneSimulator.Build.0 = Debug|Any CPU
		{4CE36B46-3767-4E6C-A238-E18089C2A968}.Debug|iPhoneSimulator.Deploy.0 = Debug|Any CPU
		{4CE36B46-3767-4E6C-A238-E18089C2A968}.Debug|x64.ActiveCfg = Debug|Any CPU
		{4CE36B46-3767-4E6C-A238-E18089C2A968}.Debug|x64.Build.0 = Debug|Any CPU
		{4CE36B46-3767-4E6C-A238-E18089C2A968}.Debug|x64.Deploy.0 = Debug|Any CPU
		{4CE36B46-3767-4E6C-A238-E18089C2A968}.Debug|x86.ActiveCfg = Debug|Any CPU
		{4CE36B46-3767-4E6C-A238-E18089C2A968}.Debug|x86.Build.0 = Debug|Any CPU
		{4CE36B46-3767-4E6C-A238-E18089C2A968}.Debug|x86.Deploy.0 = Debug|Any CPU
		{4CE36B46-3767-4E6C-A238-E18089C2A968}.Release|Any CPU.ActiveCfg = Release|Any CPU
		{4CE36B46-3767-4E6C-A238-E18089C2A968}.Release|Any CPU.Build.0 = Release|Any CPU
		{4CE36B46-3767-4E6C-A238-E18089C2A968}.Release|Any CPU.Deploy.0 = Release|Any CPU
		{4CE36B46-3767-4E6C-A238-E18089C2A968}.Release|ARM.ActiveCfg = Release|Any CPU
		{4CE36B46-3767-4E6C-A238-E18089C2A968}.Release|ARM.Build.0 = Release|Any CPU
		{4CE36B46-3767-4E6C-A238-E18089C2A968}.Release|ARM.Deploy.0 = Release|Any CPU
		{4CE36B46-3767-4E6C-A238-E18089C2A968}.Release|iPhone.ActiveCfg = Release|Any CPU
		{4CE36B46-3767-4E6C-A238-E18089C2A968}.Release|iPhone.Build.0 = Release|Any CPU
		{4CE36B46-3767-4E6C-A238-E18089C2A968}.Release|iPhone.Deploy.0 = Release|Any CPU
		{4CE36B46-3767-4E6C-A238-E18089C2A968}.Release|iPhoneSimulator.ActiveCfg = Release|Any CPU
		{4CE36B46-3767-4E6C-A238-E18089C2A968}.Release|iPhoneSimulator.Build.0 = Release|Any CPU
		{4CE36B46-3767-4E6C-A238-E18089C2A968}.Release|iPhoneSimulator.Deploy.0 = Release|Any CPU
		{4CE36B46-3767-4E6C-A238-E18089C2A968}.Release|x64.ActiveCfg = Release|Any CPU
		{4CE36B46-3767-4E6C-A238-E18089C2A968}.Release|x64.Build.0 = Release|Any CPU
		{4CE36B46-3767-4E6C-A238-E18089C2A968}.Release|x64.Deploy.0 = Release|Any CPU
		{4CE36B46-3767-4E6C-A238-E18089C2A968}.Release|x86.ActiveCfg = Release|Any CPU
		{4CE36B46-3767-4E6C-A238-E18089C2A968}.Release|x86.Build.0 = Release|Any CPU
		{4CE36B46-3767-4E6C-A238-E18089C2A968}.Release|x86.Deploy.0 = Release|Any CPU
		{A0481865-B91D-424F-9274-1A5CF4A10B2E}.Ad-Hoc|Any CPU.ActiveCfg = Ad-Hoc|iPhone
		{A0481865-B91D-424F-9274-1A5CF4A10B2E}.Ad-Hoc|ARM.ActiveCfg = Ad-Hoc|iPhone
		{A0481865-B91D-424F-9274-1A5CF4A10B2E}.Ad-Hoc|iPhone.ActiveCfg = Ad-Hoc|iPhone
		{A0481865-B91D-424F-9274-1A5CF4A10B2E}.Ad-Hoc|iPhone.Build.0 = Ad-Hoc|iPhone
		{A0481865-B91D-424F-9274-1A5CF4A10B2E}.Ad-Hoc|iPhoneSimulator.ActiveCfg = Ad-Hoc|iPhoneSimulator
		{A0481865-B91D-424F-9274-1A5CF4A10B2E}.Ad-Hoc|iPhoneSimulator.Build.0 = Ad-Hoc|iPhoneSimulator
		{A0481865-B91D-424F-9274-1A5CF4A10B2E}.Ad-Hoc|x64.ActiveCfg = Ad-Hoc|iPhone
		{A0481865-B91D-424F-9274-1A5CF4A10B2E}.Ad-Hoc|x86.ActiveCfg = Ad-Hoc|iPhone
		{A0481865-B91D-424F-9274-1A5CF4A10B2E}.AppStore|Any CPU.ActiveCfg = AppStore|iPhone
		{A0481865-B91D-424F-9274-1A5CF4A10B2E}.AppStore|ARM.ActiveCfg = AppStore|iPhone
		{A0481865-B91D-424F-9274-1A5CF4A10B2E}.AppStore|iPhone.ActiveCfg = AppStore|iPhone
		{A0481865-B91D-424F-9274-1A5CF4A10B2E}.AppStore|iPhone.Build.0 = AppStore|iPhone
		{A0481865-B91D-424F-9274-1A5CF4A10B2E}.AppStore|iPhoneSimulator.ActiveCfg = AppStore|iPhoneSimulator
		{A0481865-B91D-424F-9274-1A5CF4A10B2E}.AppStore|iPhoneSimulator.Build.0 = AppStore|iPhoneSimulator
		{A0481865-B91D-424F-9274-1A5CF4A10B2E}.AppStore|x64.ActiveCfg = AppStore|iPhone
		{A0481865-B91D-424F-9274-1A5CF4A10B2E}.AppStore|x86.ActiveCfg = AppStore|iPhone
		{A0481865-B91D-424F-9274-1A5CF4A10B2E}.Debug|Any CPU.ActiveCfg = Debug|iPhone
		{A0481865-B91D-424F-9274-1A5CF4A10B2E}.Debug|ARM.ActiveCfg = Debug|iPhone
		{A0481865-B91D-424F-9274-1A5CF4A10B2E}.Debug|iPhone.ActiveCfg = Debug|iPhone
		{A0481865-B91D-424F-9274-1A5CF4A10B2E}.Debug|iPhone.Build.0 = Debug|iPhone
		{A0481865-B91D-424F-9274-1A5CF4A10B2E}.Debug|iPhoneSimulator.ActiveCfg = Debug|iPhoneSimulator
		{A0481865-B91D-424F-9274-1A5CF4A10B2E}.Debug|iPhoneSimulator.Build.0 = Debug|iPhoneSimulator
		{A0481865-B91D-424F-9274-1A5CF4A10B2E}.Debug|x64.ActiveCfg = Debug|iPhone
		{A0481865-B91D-424F-9274-1A5CF4A10B2E}.Debug|x86.ActiveCfg = Debug|iPhone
		{A0481865-B91D-424F-9274-1A5CF4A10B2E}.Release|Any CPU.ActiveCfg = Release|iPhone
		{A0481865-B91D-424F-9274-1A5CF4A10B2E}.Release|ARM.ActiveCfg = Release|iPhone
		{A0481865-B91D-424F-9274-1A5CF4A10B2E}.Release|iPhone.ActiveCfg = Release|iPhone
		{A0481865-B91D-424F-9274-1A5CF4A10B2E}.Release|iPhone.Build.0 = Release|iPhone
		{A0481865-B91D-424F-9274-1A5CF4A10B2E}.Release|iPhoneSimulator.ActiveCfg = Release|iPhoneSimulator
		{A0481865-B91D-424F-9274-1A5CF4A10B2E}.Release|iPhoneSimulator.Build.0 = Release|iPhoneSimulator
		{A0481865-B91D-424F-9274-1A5CF4A10B2E}.Release|x64.ActiveCfg = Release|iPhone
		{A0481865-B91D-424F-9274-1A5CF4A10B2E}.Release|x86.ActiveCfg = Release|iPhone
		{D1453F5C-3301-4E73-999A-52DC45C1C07D}.Ad-Hoc|Any CPU.ActiveCfg = Release|Any CPU
		{D1453F5C-3301-4E73-999A-52DC45C1C07D}.Ad-Hoc|Any CPU.Build.0 = Release|Any CPU
		{D1453F5C-3301-4E73-999A-52DC45C1C07D}.Ad-Hoc|Any CPU.Deploy.0 = Release|Any CPU
		{D1453F5C-3301-4E73-999A-52DC45C1C07D}.Ad-Hoc|ARM.ActiveCfg = Release|ARM
		{D1453F5C-3301-4E73-999A-52DC45C1C07D}.Ad-Hoc|ARM.Build.0 = Release|ARM
		{D1453F5C-3301-4E73-999A-52DC45C1C07D}.Ad-Hoc|ARM.Deploy.0 = Release|ARM
		{D1453F5C-3301-4E73-999A-52DC45C1C07D}.Ad-Hoc|iPhone.ActiveCfg = Release|Any CPU
		{D1453F5C-3301-4E73-999A-52DC45C1C07D}.Ad-Hoc|iPhone.Build.0 = Release|Any CPU
		{D1453F5C-3301-4E73-999A-52DC45C1C07D}.Ad-Hoc|iPhone.Deploy.0 = Release|Any CPU
		{D1453F5C-3301-4E73-999A-52DC45C1C07D}.Ad-Hoc|iPhoneSimulator.ActiveCfg = Release|Any CPU
		{D1453F5C-3301-4E73-999A-52DC45C1C07D}.Ad-Hoc|iPhoneSimulator.Build.0 = Release|Any CPU
		{D1453F5C-3301-4E73-999A-52DC45C1C07D}.Ad-Hoc|iPhoneSimulator.Deploy.0 = Release|Any CPU
		{D1453F5C-3301-4E73-999A-52DC45C1C07D}.Ad-Hoc|x64.ActiveCfg = Release|Any CPU
		{D1453F5C-3301-4E73-999A-52DC45C1C07D}.Ad-Hoc|x64.Build.0 = Release|Any CPU
		{D1453F5C-3301-4E73-999A-52DC45C1C07D}.Ad-Hoc|x64.Deploy.0 = Release|Any CPU
		{D1453F5C-3301-4E73-999A-52DC45C1C07D}.Ad-Hoc|x86.ActiveCfg = Release|x86
		{D1453F5C-3301-4E73-999A-52DC45C1C07D}.Ad-Hoc|x86.Build.0 = Release|x86
		{D1453F5C-3301-4E73-999A-52DC45C1C07D}.Ad-Hoc|x86.Deploy.0 = Release|x86
		{D1453F5C-3301-4E73-999A-52DC45C1C07D}.AppStore|Any CPU.ActiveCfg = Release|Any CPU
		{D1453F5C-3301-4E73-999A-52DC45C1C07D}.AppStore|Any CPU.Build.0 = Release|Any CPU
		{D1453F5C-3301-4E73-999A-52DC45C1C07D}.AppStore|Any CPU.Deploy.0 = Release|Any CPU
		{D1453F5C-3301-4E73-999A-52DC45C1C07D}.AppStore|ARM.ActiveCfg = Release|ARM
		{D1453F5C-3301-4E73-999A-52DC45C1C07D}.AppStore|ARM.Build.0 = Release|ARM
		{D1453F5C-3301-4E73-999A-52DC45C1C07D}.AppStore|ARM.Deploy.0 = Release|ARM
		{D1453F5C-3301-4E73-999A-52DC45C1C07D}.AppStore|iPhone.ActiveCfg = Release|Any CPU
		{D1453F5C-3301-4E73-999A-52DC45C1C07D}.AppStore|iPhone.Build.0 = Release|Any CPU
		{D1453F5C-3301-4E73-999A-52DC45C1C07D}.AppStore|iPhone.Deploy.0 = Release|Any CPU
		{D1453F5C-3301-4E73-999A-52DC45C1C07D}.AppStore|iPhoneSimulator.ActiveCfg = Release|Any CPU
		{D1453F5C-3301-4E73-999A-52DC45C1C07D}.AppStore|iPhoneSimulator.Build.0 = Release|Any CPU
		{D1453F5C-3301-4E73-999A-52DC45C1C07D}.AppStore|iPhoneSimulator.Deploy.0 = Release|Any CPU
		{D1453F5C-3301-4E73-999A-52DC45C1C07D}.AppStore|x64.ActiveCfg = Release|Any CPU
		{D1453F5C-3301-4E73-999A-52DC45C1C07D}.AppStore|x64.Build.0 = Release|Any CPU
		{D1453F5C-3301-4E73-999A-52DC45C1C07D}.AppStore|x64.Deploy.0 = Release|Any CPU
		{D1453F5C-3301-4E73-999A-52DC45C1C07D}.AppStore|x86.ActiveCfg = Release|x86
		{D1453F5C-3301-4E73-999A-52DC45C1C07D}.AppStore|x86.Build.0 = Release|x86
		{D1453F5C-3301-4E73-999A-52DC45C1C07D}.AppStore|x86.Deploy.0 = Release|x86
		{D1453F5C-3301-4E73-999A-52DC45C1C07D}.Debug|Any CPU.ActiveCfg = Debug|Any CPU
		{D1453F5C-3301-4E73-999A-52DC45C1C07D}.Debug|Any CPU.Build.0 = Debug|Any CPU
		{D1453F5C-3301-4E73-999A-52DC45C1C07D}.Debug|Any CPU.Deploy.0 = Debug|Any CPU
		{D1453F5C-3301-4E73-999A-52DC45C1C07D}.Debug|ARM.ActiveCfg = Debug|ARM
		{D1453F5C-3301-4E73-999A-52DC45C1C07D}.Debug|ARM.Build.0 = Debug|ARM
		{D1453F5C-3301-4E73-999A-52DC45C1C07D}.Debug|ARM.Deploy.0 = Debug|ARM
		{D1453F5C-3301-4E73-999A-52DC45C1C07D}.Debug|iPhone.ActiveCfg = Debug|Any CPU
		{D1453F5C-3301-4E73-999A-52DC45C1C07D}.Debug|iPhone.Build.0 = Debug|Any CPU
		{D1453F5C-3301-4E73-999A-52DC45C1C07D}.Debug|iPhone.Deploy.0 = Debug|Any CPU
		{D1453F5C-3301-4E73-999A-52DC45C1C07D}.Debug|iPhoneSimulator.ActiveCfg = Debug|Any CPU
		{D1453F5C-3301-4E73-999A-52DC45C1C07D}.Debug|iPhoneSimulator.Build.0 = Debug|Any CPU
		{D1453F5C-3301-4E73-999A-52DC45C1C07D}.Debug|iPhoneSimulator.Deploy.0 = Debug|Any CPU
		{D1453F5C-3301-4E73-999A-52DC45C1C07D}.Debug|x64.ActiveCfg = Debug|Any CPU
		{D1453F5C-3301-4E73-999A-52DC45C1C07D}.Debug|x64.Build.0 = Debug|Any CPU
		{D1453F5C-3301-4E73-999A-52DC45C1C07D}.Debug|x64.Deploy.0 = Debug|Any CPU
		{D1453F5C-3301-4E73-999A-52DC45C1C07D}.Debug|x86.ActiveCfg = Debug|x86
		{D1453F5C-3301-4E73-999A-52DC45C1C07D}.Debug|x86.Build.0 = Debug|x86
		{D1453F5C-3301-4E73-999A-52DC45C1C07D}.Debug|x86.Deploy.0 = Debug|x86
		{D1453F5C-3301-4E73-999A-52DC45C1C07D}.Release|Any CPU.ActiveCfg = Release|Any CPU
		{D1453F5C-3301-4E73-999A-52DC45C1C07D}.Release|Any CPU.Build.0 = Release|Any CPU
		{D1453F5C-3301-4E73-999A-52DC45C1C07D}.Release|Any CPU.Deploy.0 = Release|Any CPU
		{D1453F5C-3301-4E73-999A-52DC45C1C07D}.Release|ARM.ActiveCfg = Release|ARM
		{D1453F5C-3301-4E73-999A-52DC45C1C07D}.Release|ARM.Build.0 = Release|ARM
		{D1453F5C-3301-4E73-999A-52DC45C1C07D}.Release|ARM.Deploy.0 = Release|ARM
		{D1453F5C-3301-4E73-999A-52DC45C1C07D}.Release|iPhone.ActiveCfg = Release|Any CPU
		{D1453F5C-3301-4E73-999A-52DC45C1C07D}.Release|iPhone.Build.0 = Release|Any CPU
		{D1453F5C-3301-4E73-999A-52DC45C1C07D}.Release|iPhone.Deploy.0 = Release|Any CPU
		{D1453F5C-3301-4E73-999A-52DC45C1C07D}.Release|iPhoneSimulator.ActiveCfg = Release|Any CPU
		{D1453F5C-3301-4E73-999A-52DC45C1C07D}.Release|iPhoneSimulator.Build.0 = Release|Any CPU
		{D1453F5C-3301-4E73-999A-52DC45C1C07D}.Release|iPhoneSimulator.Deploy.0 = Release|Any CPU
		{D1453F5C-3301-4E73-999A-52DC45C1C07D}.Release|x64.ActiveCfg = Release|Any CPU
		{D1453F5C-3301-4E73-999A-52DC45C1C07D}.Release|x64.Build.0 = Release|Any CPU
		{D1453F5C-3301-4E73-999A-52DC45C1C07D}.Release|x64.Deploy.0 = Release|Any CPU
		{D1453F5C-3301-4E73-999A-52DC45C1C07D}.Release|x86.ActiveCfg = Release|x86
		{D1453F5C-3301-4E73-999A-52DC45C1C07D}.Release|x86.Build.0 = Release|x86
		{D1453F5C-3301-4E73-999A-52DC45C1C07D}.Release|x86.Deploy.0 = Release|x86
		{848DD4DE-7379-40AD-B524-CDAB268FB6B3}.Ad-Hoc|Any CPU.ActiveCfg = Release|x86
		{848DD4DE-7379-40AD-B524-CDAB268FB6B3}.Ad-Hoc|Any CPU.Build.0 = Release|x86
		{848DD4DE-7379-40AD-B524-CDAB268FB6B3}.Ad-Hoc|Any CPU.Deploy.0 = Release|x86
		{848DD4DE-7379-40AD-B524-CDAB268FB6B3}.Ad-Hoc|ARM.ActiveCfg = Release|ARM
		{848DD4DE-7379-40AD-B524-CDAB268FB6B3}.Ad-Hoc|ARM.Build.0 = Release|ARM
		{848DD4DE-7379-40AD-B524-CDAB268FB6B3}.Ad-Hoc|ARM.Deploy.0 = Release|ARM
		{848DD4DE-7379-40AD-B524-CDAB268FB6B3}.Ad-Hoc|iPhone.ActiveCfg = Release|x86
		{848DD4DE-7379-40AD-B524-CDAB268FB6B3}.Ad-Hoc|iPhone.Build.0 = Release|x86
		{848DD4DE-7379-40AD-B524-CDAB268FB6B3}.Ad-Hoc|iPhone.Deploy.0 = Release|x86
		{848DD4DE-7379-40AD-B524-CDAB268FB6B3}.Ad-Hoc|iPhoneSimulator.ActiveCfg = Release|x86
		{848DD4DE-7379-40AD-B524-CDAB268FB6B3}.Ad-Hoc|iPhoneSimulator.Build.0 = Release|x86
		{848DD4DE-7379-40AD-B524-CDAB268FB6B3}.Ad-Hoc|iPhoneSimulator.Deploy.0 = Release|x86
		{848DD4DE-7379-40AD-B524-CDAB268FB6B3}.Ad-Hoc|x64.ActiveCfg = Release|x64
		{848DD4DE-7379-40AD-B524-CDAB268FB6B3}.Ad-Hoc|x64.Build.0 = Release|x64
		{848DD4DE-7379-40AD-B524-CDAB268FB6B3}.Ad-Hoc|x64.Deploy.0 = Release|x64
		{848DD4DE-7379-40AD-B524-CDAB268FB6B3}.Ad-Hoc|x86.ActiveCfg = Release|x86
		{848DD4DE-7379-40AD-B524-CDAB268FB6B3}.Ad-Hoc|x86.Build.0 = Release|x86
		{848DD4DE-7379-40AD-B524-CDAB268FB6B3}.Ad-Hoc|x86.Deploy.0 = Release|x86
		{848DD4DE-7379-40AD-B524-CDAB268FB6B3}.AppStore|Any CPU.ActiveCfg = Release|x86
		{848DD4DE-7379-40AD-B524-CDAB268FB6B3}.AppStore|Any CPU.Build.0 = Release|x86
		{848DD4DE-7379-40AD-B524-CDAB268FB6B3}.AppStore|Any CPU.Deploy.0 = Release|x86
		{848DD4DE-7379-40AD-B524-CDAB268FB6B3}.AppStore|ARM.ActiveCfg = Release|ARM
		{848DD4DE-7379-40AD-B524-CDAB268FB6B3}.AppStore|ARM.Build.0 = Release|ARM
		{848DD4DE-7379-40AD-B524-CDAB268FB6B3}.AppStore|ARM.Deploy.0 = Release|ARM
		{848DD4DE-7379-40AD-B524-CDAB268FB6B3}.AppStore|iPhone.ActiveCfg = Release|x86
		{848DD4DE-7379-40AD-B524-CDAB268FB6B3}.AppStore|iPhone.Build.0 = Release|x86
		{848DD4DE-7379-40AD-B524-CDAB268FB6B3}.AppStore|iPhone.Deploy.0 = Release|x86
		{848DD4DE-7379-40AD-B524-CDAB268FB6B3}.AppStore|iPhoneSimulator.ActiveCfg = Release|x86
		{848DD4DE-7379-40AD-B524-CDAB268FB6B3}.AppStore|iPhoneSimulator.Build.0 = Release|x86
		{848DD4DE-7379-40AD-B524-CDAB268FB6B3}.AppStore|iPhoneSimulator.Deploy.0 = Release|x86
		{848DD4DE-7379-40AD-B524-CDAB268FB6B3}.AppStore|x64.ActiveCfg = Release|x64
		{848DD4DE-7379-40AD-B524-CDAB268FB6B3}.AppStore|x64.Build.0 = Release|x64
		{848DD4DE-7379-40AD-B524-CDAB268FB6B3}.AppStore|x64.Deploy.0 = Release|x64
		{848DD4DE-7379-40AD-B524-CDAB268FB6B3}.AppStore|x86.ActiveCfg = Release|x86
		{848DD4DE-7379-40AD-B524-CDAB268FB6B3}.AppStore|x86.Build.0 = Release|x86
		{848DD4DE-7379-40AD-B524-CDAB268FB6B3}.AppStore|x86.Deploy.0 = Release|x86
		{848DD4DE-7379-40AD-B524-CDAB268FB6B3}.Debug|Any CPU.ActiveCfg = Debug|x86
		{848DD4DE-7379-40AD-B524-CDAB268FB6B3}.Debug|ARM.ActiveCfg = Debug|ARM
		{848DD4DE-7379-40AD-B524-CDAB268FB6B3}.Debug|ARM.Build.0 = Debug|ARM
		{848DD4DE-7379-40AD-B524-CDAB268FB6B3}.Debug|ARM.Deploy.0 = Debug|ARM
		{848DD4DE-7379-40AD-B524-CDAB268FB6B3}.Debug|iPhone.ActiveCfg = Debug|x86
		{848DD4DE-7379-40AD-B524-CDAB268FB6B3}.Debug|iPhoneSimulator.ActiveCfg = Debug|x86
		{848DD4DE-7379-40AD-B524-CDAB268FB6B3}.Debug|x64.ActiveCfg = Debug|x64
		{848DD4DE-7379-40AD-B524-CDAB268FB6B3}.Debug|x64.Build.0 = Debug|x64
		{848DD4DE-7379-40AD-B524-CDAB268FB6B3}.Debug|x64.Deploy.0 = Debug|x64
		{848DD4DE-7379-40AD-B524-CDAB268FB6B3}.Debug|x86.ActiveCfg = Debug|x86
		{848DD4DE-7379-40AD-B524-CDAB268FB6B3}.Debug|x86.Build.0 = Debug|x86
		{848DD4DE-7379-40AD-B524-CDAB268FB6B3}.Debug|x86.Deploy.0 = Debug|x86
		{848DD4DE-7379-40AD-B524-CDAB268FB6B3}.Release|Any CPU.ActiveCfg = Release|x86
		{848DD4DE-7379-40AD-B524-CDAB268FB6B3}.Release|ARM.ActiveCfg = Release|ARM
		{848DD4DE-7379-40AD-B524-CDAB268FB6B3}.Release|ARM.Build.0 = Release|ARM
		{848DD4DE-7379-40AD-B524-CDAB268FB6B3}.Release|ARM.Deploy.0 = Release|ARM
		{848DD4DE-7379-40AD-B524-CDAB268FB6B3}.Release|iPhone.ActiveCfg = Release|x86
		{848DD4DE-7379-40AD-B524-CDAB268FB6B3}.Release|iPhoneSimulator.ActiveCfg = Release|x86
		{848DD4DE-7379-40AD-B524-CDAB268FB6B3}.Release|x64.ActiveCfg = Release|x64
		{848DD4DE-7379-40AD-B524-CDAB268FB6B3}.Release|x64.Build.0 = Release|x64
		{848DD4DE-7379-40AD-B524-CDAB268FB6B3}.Release|x64.Deploy.0 = Release|x64
		{848DD4DE-7379-40AD-B524-CDAB268FB6B3}.Release|x86.ActiveCfg = Release|x86
		{848DD4DE-7379-40AD-B524-CDAB268FB6B3}.Release|x86.Build.0 = Release|x86
		{848DD4DE-7379-40AD-B524-CDAB268FB6B3}.Release|x86.Deploy.0 = Release|x86
		{0AB3D865-1650-4478-A54D-8F7C2BB1ACB8}.Ad-Hoc|Any CPU.ActiveCfg = Release|Any CPU
		{0AB3D865-1650-4478-A54D-8F7C2BB1ACB8}.Ad-Hoc|Any CPU.Build.0 = Release|Any CPU
		{0AB3D865-1650-4478-A54D-8F7C2BB1ACB8}.Ad-Hoc|Any CPU.Deploy.0 = Release|Any CPU
		{0AB3D865-1650-4478-A54D-8F7C2BB1ACB8}.Ad-Hoc|ARM.ActiveCfg = Release|ARM
		{0AB3D865-1650-4478-A54D-8F7C2BB1ACB8}.Ad-Hoc|ARM.Build.0 = Release|ARM
		{0AB3D865-1650-4478-A54D-8F7C2BB1ACB8}.Ad-Hoc|ARM.Deploy.0 = Release|ARM
		{0AB3D865-1650-4478-A54D-8F7C2BB1ACB8}.Ad-Hoc|iPhone.ActiveCfg = Release|Any CPU
		{0AB3D865-1650-4478-A54D-8F7C2BB1ACB8}.Ad-Hoc|iPhone.Build.0 = Release|Any CPU
		{0AB3D865-1650-4478-A54D-8F7C2BB1ACB8}.Ad-Hoc|iPhone.Deploy.0 = Release|Any CPU
		{0AB3D865-1650-4478-A54D-8F7C2BB1ACB8}.Ad-Hoc|iPhoneSimulator.ActiveCfg = Release|Any CPU
		{0AB3D865-1650-4478-A54D-8F7C2BB1ACB8}.Ad-Hoc|iPhoneSimulator.Build.0 = Release|Any CPU
		{0AB3D865-1650-4478-A54D-8F7C2BB1ACB8}.Ad-Hoc|iPhoneSimulator.Deploy.0 = Release|Any CPU
		{0AB3D865-1650-4478-A54D-8F7C2BB1ACB8}.Ad-Hoc|x64.ActiveCfg = Release|x64
		{0AB3D865-1650-4478-A54D-8F7C2BB1ACB8}.Ad-Hoc|x64.Build.0 = Release|x64
		{0AB3D865-1650-4478-A54D-8F7C2BB1ACB8}.Ad-Hoc|x64.Deploy.0 = Release|x64
		{0AB3D865-1650-4478-A54D-8F7C2BB1ACB8}.Ad-Hoc|x86.ActiveCfg = Release|x86
		{0AB3D865-1650-4478-A54D-8F7C2BB1ACB8}.Ad-Hoc|x86.Build.0 = Release|x86
		{0AB3D865-1650-4478-A54D-8F7C2BB1ACB8}.Ad-Hoc|x86.Deploy.0 = Release|x86
		{0AB3D865-1650-4478-A54D-8F7C2BB1ACB8}.AppStore|Any CPU.ActiveCfg = Release|Any CPU
		{0AB3D865-1650-4478-A54D-8F7C2BB1ACB8}.AppStore|Any CPU.Build.0 = Release|Any CPU
		{0AB3D865-1650-4478-A54D-8F7C2BB1ACB8}.AppStore|Any CPU.Deploy.0 = Release|Any CPU
		{0AB3D865-1650-4478-A54D-8F7C2BB1ACB8}.AppStore|ARM.ActiveCfg = Release|ARM
		{0AB3D865-1650-4478-A54D-8F7C2BB1ACB8}.AppStore|ARM.Build.0 = Release|ARM
		{0AB3D865-1650-4478-A54D-8F7C2BB1ACB8}.AppStore|ARM.Deploy.0 = Release|ARM
		{0AB3D865-1650-4478-A54D-8F7C2BB1ACB8}.AppStore|iPhone.ActiveCfg = Release|Any CPU
		{0AB3D865-1650-4478-A54D-8F7C2BB1ACB8}.AppStore|iPhone.Build.0 = Release|Any CPU
		{0AB3D865-1650-4478-A54D-8F7C2BB1ACB8}.AppStore|iPhone.Deploy.0 = Release|Any CPU
		{0AB3D865-1650-4478-A54D-8F7C2BB1ACB8}.AppStore|iPhoneSimulator.ActiveCfg = Release|Any CPU
		{0AB3D865-1650-4478-A54D-8F7C2BB1ACB8}.AppStore|iPhoneSimulator.Build.0 = Release|Any CPU
		{0AB3D865-1650-4478-A54D-8F7C2BB1ACB8}.AppStore|iPhoneSimulator.Deploy.0 = Release|Any CPU
		{0AB3D865-1650-4478-A54D-8F7C2BB1ACB8}.AppStore|x64.ActiveCfg = Release|x64
		{0AB3D865-1650-4478-A54D-8F7C2BB1ACB8}.AppStore|x64.Build.0 = Release|x64
		{0AB3D865-1650-4478-A54D-8F7C2BB1ACB8}.AppStore|x64.Deploy.0 = Release|x64
		{0AB3D865-1650-4478-A54D-8F7C2BB1ACB8}.AppStore|x86.ActiveCfg = Release|x86
		{0AB3D865-1650-4478-A54D-8F7C2BB1ACB8}.AppStore|x86.Build.0 = Release|x86
		{0AB3D865-1650-4478-A54D-8F7C2BB1ACB8}.AppStore|x86.Deploy.0 = Release|x86
		{0AB3D865-1650-4478-A54D-8F7C2BB1ACB8}.Debug|Any CPU.ActiveCfg = Debug|Any CPU
		{0AB3D865-1650-4478-A54D-8F7C2BB1ACB8}.Debug|Any CPU.Build.0 = Debug|Any CPU
		{0AB3D865-1650-4478-A54D-8F7C2BB1ACB8}.Debug|Any CPU.Deploy.0 = Debug|Any CPU
		{0AB3D865-1650-4478-A54D-8F7C2BB1ACB8}.Debug|ARM.ActiveCfg = Debug|ARM
		{0AB3D865-1650-4478-A54D-8F7C2BB1ACB8}.Debug|ARM.Build.0 = Debug|ARM
		{0AB3D865-1650-4478-A54D-8F7C2BB1ACB8}.Debug|ARM.Deploy.0 = Debug|ARM
		{0AB3D865-1650-4478-A54D-8F7C2BB1ACB8}.Debug|iPhone.ActiveCfg = Debug|Any CPU
		{0AB3D865-1650-4478-A54D-8F7C2BB1ACB8}.Debug|iPhone.Build.0 = Debug|Any CPU
		{0AB3D865-1650-4478-A54D-8F7C2BB1ACB8}.Debug|iPhone.Deploy.0 = Debug|Any CPU
		{0AB3D865-1650-4478-A54D-8F7C2BB1ACB8}.Debug|iPhoneSimulator.ActiveCfg = Debug|Any CPU
		{0AB3D865-1650-4478-A54D-8F7C2BB1ACB8}.Debug|iPhoneSimulator.Build.0 = Debug|Any CPU
		{0AB3D865-1650-4478-A54D-8F7C2BB1ACB8}.Debug|iPhoneSimulator.Deploy.0 = Debug|Any CPU
		{0AB3D865-1650-4478-A54D-8F7C2BB1ACB8}.Debug|x64.ActiveCfg = Debug|x64
		{0AB3D865-1650-4478-A54D-8F7C2BB1ACB8}.Debug|x64.Build.0 = Debug|x64
		{0AB3D865-1650-4478-A54D-8F7C2BB1ACB8}.Debug|x64.Deploy.0 = Debug|x64
		{0AB3D865-1650-4478-A54D-8F7C2BB1ACB8}.Debug|x86.ActiveCfg = Debug|x86
		{0AB3D865-1650-4478-A54D-8F7C2BB1ACB8}.Debug|x86.Build.0 = Debug|x86
		{0AB3D865-1650-4478-A54D-8F7C2BB1ACB8}.Debug|x86.Deploy.0 = Debug|x86
		{0AB3D865-1650-4478-A54D-8F7C2BB1ACB8}.Release|Any CPU.ActiveCfg = Release|Any CPU
		{0AB3D865-1650-4478-A54D-8F7C2BB1ACB8}.Release|Any CPU.Build.0 = Release|Any CPU
		{0AB3D865-1650-4478-A54D-8F7C2BB1ACB8}.Release|Any CPU.Deploy.0 = Release|Any CPU
		{0AB3D865-1650-4478-A54D-8F7C2BB1ACB8}.Release|ARM.ActiveCfg = Release|ARM
		{0AB3D865-1650-4478-A54D-8F7C2BB1ACB8}.Release|ARM.Build.0 = Release|ARM
		{0AB3D865-1650-4478-A54D-8F7C2BB1ACB8}.Release|ARM.Deploy.0 = Release|ARM
		{0AB3D865-1650-4478-A54D-8F7C2BB1ACB8}.Release|iPhone.ActiveCfg = Release|Any CPU
		{0AB3D865-1650-4478-A54D-8F7C2BB1ACB8}.Release|iPhone.Build.0 = Release|Any CPU
		{0AB3D865-1650-4478-A54D-8F7C2BB1ACB8}.Release|iPhone.Deploy.0 = Release|Any CPU
		{0AB3D865-1650-4478-A54D-8F7C2BB1ACB8}.Release|iPhoneSimulator.ActiveCfg = Release|Any CPU
		{0AB3D865-1650-4478-A54D-8F7C2BB1ACB8}.Release|iPhoneSimulator.Build.0 = Release|Any CPU
		{0AB3D865-1650-4478-A54D-8F7C2BB1ACB8}.Release|iPhoneSimulator.Deploy.0 = Release|Any CPU
		{0AB3D865-1650-4478-A54D-8F7C2BB1ACB8}.Release|x64.ActiveCfg = Release|x64
		{0AB3D865-1650-4478-A54D-8F7C2BB1ACB8}.Release|x64.Build.0 = Release|x64
		{0AB3D865-1650-4478-A54D-8F7C2BB1ACB8}.Release|x64.Deploy.0 = Release|x64
		{0AB3D865-1650-4478-A54D-8F7C2BB1ACB8}.Release|x86.ActiveCfg = Release|x86
		{0AB3D865-1650-4478-A54D-8F7C2BB1ACB8}.Release|x86.Build.0 = Release|x86
		{0AB3D865-1650-4478-A54D-8F7C2BB1ACB8}.Release|x86.Deploy.0 = Release|x86
	EndGlobalSection
	GlobalSection(SolutionProperties) = preSolution
		HideSolutionNode = FALSE
	EndGlobalSection
EndGlobal
